// !$*UTF8*$!
{
	archiveVersion = 1;
	classes = {
	};
	objectVersion = 52;
	objects = {

/* Begin PBXBuildFile section */
		B01644BB26368B4000F73F69 /* TabLabel.swift in Sources */ = {isa = PBXBuildFile; fileRef = B01644BA26368B4000F73F69 /* TabLabel.swift */; };
		B01644CF2636EA0500F73F69 /* FourthView.swift in Sources */ = {isa = PBXBuildFile; fileRef = B01644CE2636EA0400F73F69 /* FourthView.swift */; };
		B0222BAC262ECF4100F8471B /* Alamofire in Frameworks */ = {isa = PBXBuildFile; productRef = B0222BAB262ECF4100F8471B /* Alamofire */; };
		B023A77626171B8800E42753 /* SearchPage.swift in Sources */ = {isa = PBXBuildFile; fileRef = B023A77526171B8800E42753 /* SearchPage.swift */; };
		B03444AB263BB3B2008CD4DB /* InfoPlist.strings in Resources */ = {isa = PBXBuildFile; fileRef = B03444AD263BB3B2008CD4DB /* InfoPlist.strings */; };
		B03444B1263BB3DD008CD4DB /* Localizable.strings in Resources */ = {isa = PBXBuildFile; fileRef = B03444B3263BB3DD008CD4DB /* Localizable.strings */; };
		B03444CF263BE5D1008CD4DB /* Plurals.stringsdict in Resources */ = {isa = PBXBuildFile; fileRef = B03444D1263BE5D1008CD4DB /* Plurals.stringsdict */; };
		B03B7CFD261328A2007EB7FD /* CoreDataView.swift in Sources */ = {isa = PBXBuildFile; fileRef = B03B7CFC261328A2007EB7FD /* CoreDataView.swift */; };
		B03B7D122613656B007EB7FD /* UserDetails.swift in Sources */ = {isa = PBXBuildFile; fileRef = B03B7D112613656B007EB7FD /* UserDetails.swift */; };
		B066BE33261ACBCB00EB68D1 /* ModelData.swift in Sources */ = {isa = PBXBuildFile; fileRef = B066BE32261ACBCB00EB68D1 /* ModelData.swift */; };
		B066BE3A261ACDF500EB68D1 /* landmarkData.json in Resources */ = {isa = PBXBuildFile; fileRef = B066BE39261ACDF500EB68D1 /* landmarkData.json */; };
		B066BE47261AD6FC00EB68D1 /* SearchBar.swift in Sources */ = {isa = PBXBuildFile; fileRef = B066BE46261AD6FC00EB68D1 /* SearchBar.swift */; };
		B0859C2C263545B800E35C8B /* Environments.swift in Sources */ = {isa = PBXBuildFile; fileRef = B0859C2B263545B800E35C8B /* Environments.swift */; };
		B0B2670E261238890058316D /* DemoApp.swift in Sources */ = {isa = PBXBuildFile; fileRef = B0B2670D261238890058316D /* DemoApp.swift */; };
		B0B26710261238890058316D /* ContentView.swift in Sources */ = {isa = PBXBuildFile; fileRef = B0B2670F261238890058316D /* ContentView.swift */; };
		B0B267122612388B0058316D /* Assets.xcassets in Resources */ = {isa = PBXBuildFile; fileRef = B0B267112612388B0058316D /* Assets.xcassets */; };
		B0B267152612388B0058316D /* Preview Assets.xcassets in Resources */ = {isa = PBXBuildFile; fileRef = B0B267142612388B0058316D /* Preview Assets.xcassets */; };
		B0B267172612388B0058316D /* Persistence.swift in Sources */ = {isa = PBXBuildFile; fileRef = B0B267162612388B0058316D /* Persistence.swift */; };
		B0B267252612388B0058316D /* DemoTests.swift in Sources */ = {isa = PBXBuildFile; fileRef = B0B267242612388B0058316D /* DemoTests.swift */; };
		B0B267302612388B0058316D /* DemoUITests.swift in Sources */ = {isa = PBXBuildFile; fileRef = B0B2672F2612388B0058316D /* DemoUITests.swift */; };
		B0B267472612D02B0058316D /* FirstView.swift in Sources */ = {isa = PBXBuildFile; fileRef = B0B267462612D02B0058316D /* FirstView.swift */; };
		B0B2674C2612D0310058316D /* SecondView.swift in Sources */ = {isa = PBXBuildFile; fileRef = B0B2674B2612D0310058316D /* SecondView.swift */; };
		B0B267692612D07F0058316D /* SubNavigation.swift in Sources */ = {isa = PBXBuildFile; fileRef = B0B2675B2612D07F0058316D /* SubNavigation.swift */; };
		B0B2676A2612D07F0058316D /* Navigations.swift in Sources */ = {isa = PBXBuildFile; fileRef = B0B2675C2612D07F0058316D /* Navigations.swift */; };
		B0B2676B2612D07F0058316D /* TestsView.swift in Sources */ = {isa = PBXBuildFile; fileRef = B0B2675D2612D07F0058316D /* TestsView.swift */; };
		B0B2676C2612D07F0058316D /* UserCreator.swift in Sources */ = {isa = PBXBuildFile; fileRef = B0B2675F2612D07F0058316D /* UserCreator.swift */; };
		B0B2676E2612D07F0058316D /* UserList.swift in Sources */ = {isa = PBXBuildFile; fileRef = B0B267612612D07F0058316D /* UserList.swift */; };
		B0B2676F2612D07F0058316D /* TextFieldAndForm.swift in Sources */ = {isa = PBXBuildFile; fileRef = B0B267632612D07F0058316D /* TextFieldAndForm.swift */; };
		B0B267702612D07F0058316D /* UserView.swift in Sources */ = {isa = PBXBuildFile; fileRef = B0B267642612D07F0058316D /* UserView.swift */; };
		B0B267712612D07F0058316D /* List&Item.swift in Sources */ = {isa = PBXBuildFile; fileRef = B0B267652612D07F0058316D /* List&Item.swift */; };
		B0B267722612D07F0058316D /* ControlsView.swift in Sources */ = {isa = PBXBuildFile; fileRef = B0B267662612D07F0058316D /* ControlsView.swift */; };
		B0B267732612D07F0058316D /* Large_views.swift in Sources */ = {isa = PBXBuildFile; fileRef = B0B267672612D07F0058316D /* Large_views.swift */; };
		B0B267792612D09B0058316D /* CapsuleText.swift in Sources */ = {isa = PBXBuildFile; fileRef = B0B267782612D09B0058316D /* CapsuleText.swift */; };
		B0B267872612D0E30058316D /* CDUtils.swift in Sources */ = {isa = PBXBuildFile; fileRef = B0B2677F2612D0E30058316D /* CDUtils.swift */; };
		B0B267882612D0E30058316D /* Data.swift in Sources */ = {isa = PBXBuildFile; fileRef = B0B267802612D0E30058316D /* Data.swift */; };
		B0B267892612D0E30058316D /* CPPPerson.cpp in Sources */ = {isa = PBXBuildFile; fileRef = B0B267822612D0E30058316D /* CPPPerson.cpp */; };
		B0B2678A2612D0E30058316D /* CModel.c in Sources */ = {isa = PBXBuildFile; fileRef = B0B267862612D0E30058316D /* CModel.c */; };
		B0B267902612D0FE0058316D /* AppConstant.plist in Resources */ = {isa = PBXBuildFile; fileRef = B0B2678F2612D0FE0058316D /* AppConstant.plist */; };
		B0B267952612D1140058316D /* User.swift in Sources */ = {isa = PBXBuildFile; fileRef = B0B267942612D1140058316D /* User.swift */; };
		B0B267E22612DD3D0058316D /* Remote.swift in Sources */ = {isa = PBXBuildFile; fileRef = B0B267E12612DD3D0058316D /* Remote.swift */; };
		B0B267E92612DF050058316D /* Modifiers.swift in Sources */ = {isa = PBXBuildFile; fileRef = B0B267E82612DF050058316D /* Modifiers.swift */; };
		B0B267F82612E69E0058316D /* Demo.xcdatamodeld in Sources */ = {isa = PBXBuildFile; fileRef = B0B267F62612E69E0058316D /* Demo.xcdatamodeld */; };
		B0B26828261304690058316D /* HTTPMethod.swift in Sources */ = {isa = PBXBuildFile; fileRef = B0B26827261304690058316D /* HTTPMethod.swift */; };
		B0BF70DD263BF53200B70871 /* Profile.swift in Sources */ = {isa = PBXBuildFile; fileRef = B0BF70DB263BF53200B70871 /* Profile.swift */; };
		B0BF70DE263BF53200B70871 /* Hike.swift in Sources */ = {isa = PBXBuildFile; fileRef = B0BF70DC263BF53200B70871 /* Hike.swift */; };
		B0BF70E2263BF5A000B70871 /* hikeData.json in Resources */ = {isa = PBXBuildFile; fileRef = B0BF70E0263BF5A000B70871 /* hikeData.json */; };
		B0BF70E8263BF67E00B70871 /* Landmark.swift in Sources */ = {isa = PBXBuildFile; fileRef = B0BF70E7263BF67E00B70871 /* Landmark.swift */; };
		B0D4E84226141EEC009D2375 /* SPHPickerViewController.swift in Sources */ = {isa = PBXBuildFile; fileRef = B0D4E84126141EEC009D2375 /* SPHPickerViewController.swift */; };
		B0D7121D262AD86500AA362C /* ImagePickerController.swift in Sources */ = {isa = PBXBuildFile; fileRef = B0D7121C262AD86500AA362C /* ImagePickerController.swift */; };
/* End PBXBuildFile section */

/* Begin PBXContainerItemProxy section */
		B0B267212612388B0058316D /* PBXContainerItemProxy */ = {
			isa = PBXContainerItemProxy;
			containerPortal = B0B26702261238890058316D /* Project object */;
			proxyType = 1;
			remoteGlobalIDString = B0B26709261238890058316D;
			remoteInfo = Demo;
		};
		B0B2672C2612388B0058316D /* PBXContainerItemProxy */ = {
			isa = PBXContainerItemProxy;
			containerPortal = B0B26702261238890058316D /* Project object */;
			proxyType = 1;
			remoteGlobalIDString = B0B26709261238890058316D;
			remoteInfo = Demo;
		};
/* End PBXContainerItemProxy section */

/* Begin PBXFileReference section */
		B01644BA26368B4000F73F69 /* TabLabel.swift */ = {isa = PBXFileReference; lastKnownFileType = sourcecode.swift; path = TabLabel.swift; sourceTree = "<group>"; };
		B01644CE2636EA0400F73F69 /* FourthView.swift */ = {isa = PBXFileReference; lastKnownFileType = sourcecode.swift; path = FourthView.swift; sourceTree = "<group>"; };
		B023A77526171B8800E42753 /* SearchPage.swift */ = {isa = PBXFileReference; lastKnownFileType = sourcecode.swift; path = SearchPage.swift; sourceTree = "<group>"; };
		B03444AC263BB3B2008CD4DB /* en */ = {isa = PBXFileReference; lastKnownFileType = text.plist.strings; name = en; path = en.lproj/InfoPlist.strings; sourceTree = "<group>"; };
		B03444AE263BB3B6008CD4DB /* zh-Hans */ = {isa = PBXFileReference; lastKnownFileType = text.plist.strings; name = "zh-Hans"; path = "zh-Hans.lproj/InfoPlist.strings"; sourceTree = "<group>"; };
		B03444B2263BB3DD008CD4DB /* en */ = {isa = PBXFileReference; lastKnownFileType = text.plist.strings; name = en; path = en.lproj/Localizable.strings; sourceTree = "<group>"; };
		B03444B4263BB3E2008CD4DB /* zh-Hans */ = {isa = PBXFileReference; lastKnownFileType = text.plist.strings; name = "zh-Hans"; path = "zh-Hans.lproj/Localizable.strings"; sourceTree = "<group>"; };
		B03444D0263BE5D1008CD4DB /* en */ = {isa = PBXFileReference; lastKnownFileType = text.plist.stringsdict; name = en; path = en.lproj/Plurals.stringsdict; sourceTree = "<group>"; };
		B03444D2263BE5D4008CD4DB /* zh-Hans */ = {isa = PBXFileReference; lastKnownFileType = text.plist.stringsdict; name = "zh-Hans"; path = "zh-Hans.lproj/Plurals.stringsdict"; sourceTree = "<group>"; };
		B03B7CFC261328A2007EB7FD /* CoreDataView.swift */ = {isa = PBXFileReference; lastKnownFileType = sourcecode.swift; path = CoreDataView.swift; sourceTree = "<group>"; };
		B03B7D112613656B007EB7FD /* UserDetails.swift */ = {isa = PBXFileReference; lastKnownFileType = sourcecode.swift; path = UserDetails.swift; sourceTree = "<group>"; };
		B066BE32261ACBCB00EB68D1 /* ModelData.swift */ = {isa = PBXFileReference; fileEncoding = 4; lastKnownFileType = sourcecode.swift; path = ModelData.swift; sourceTree = "<group>"; };
		B066BE39261ACDF500EB68D1 /* landmarkData.json */ = {isa = PBXFileReference; fileEncoding = 4; lastKnownFileType = text.json; path = landmarkData.json; sourceTree = "<group>"; };
		B066BE46261AD6FC00EB68D1 /* SearchBar.swift */ = {isa = PBXFileReference; lastKnownFileType = sourcecode.swift; path = SearchBar.swift; sourceTree = "<group>"; };
		B0859C2B263545B800E35C8B /* Environments.swift */ = {isa = PBXFileReference; lastKnownFileType = sourcecode.swift; path = Environments.swift; sourceTree = "<group>"; };
		B0B2670A261238890058316D /* Demo.app */ = {isa = PBXFileReference; explicitFileType = wrapper.application; includeInIndex = 0; path = Demo.app; sourceTree = BUILT_PRODUCTS_DIR; };
		B0B2670D261238890058316D /* DemoApp.swift */ = {isa = PBXFileReference; lastKnownFileType = sourcecode.swift; path = DemoApp.swift; sourceTree = "<group>"; };
		B0B2670F261238890058316D /* ContentView.swift */ = {isa = PBXFileReference; lastKnownFileType = sourcecode.swift; path = ContentView.swift; sourceTree = "<group>"; };
		B0B267112612388B0058316D /* Assets.xcassets */ = {isa = PBXFileReference; lastKnownFileType = folder.assetcatalog; path = Assets.xcassets; sourceTree = "<group>"; };
		B0B267142612388B0058316D /* Preview Assets.xcassets */ = {isa = PBXFileReference; lastKnownFileType = folder.assetcatalog; path = "Preview Assets.xcassets"; sourceTree = "<group>"; };
		B0B267162612388B0058316D /* Persistence.swift */ = {isa = PBXFileReference; lastKnownFileType = sourcecode.swift; path = Persistence.swift; sourceTree = "<group>"; };
		B0B2671B2612388B0058316D /* Info.plist */ = {isa = PBXFileReference; lastKnownFileType = text.plist.xml; path = Info.plist; sourceTree = "<group>"; };
		B0B267202612388B0058316D /* DemoTests.xctest */ = {isa = PBXFileReference; explicitFileType = wrapper.cfbundle; includeInIndex = 0; path = DemoTests.xctest; sourceTree = BUILT_PRODUCTS_DIR; };
		B0B267242612388B0058316D /* DemoTests.swift */ = {isa = PBXFileReference; lastKnownFileType = sourcecode.swift; path = DemoTests.swift; sourceTree = "<group>"; };
		B0B267262612388B0058316D /* Info.plist */ = {isa = PBXFileReference; lastKnownFileType = text.plist.xml; path = Info.plist; sourceTree = "<group>"; };
		B0B2672B2612388B0058316D /* DemoUITests.xctest */ = {isa = PBXFileReference; explicitFileType = wrapper.cfbundle; includeInIndex = 0; path = DemoUITests.xctest; sourceTree = BUILT_PRODUCTS_DIR; };
		B0B2672F2612388B0058316D /* DemoUITests.swift */ = {isa = PBXFileReference; lastKnownFileType = sourcecode.swift; path = DemoUITests.swift; sourceTree = "<group>"; };
		B0B267312612388B0058316D /* Info.plist */ = {isa = PBXFileReference; lastKnownFileType = text.plist.xml; path = Info.plist; sourceTree = "<group>"; };
		B0B267462612D02B0058316D /* FirstView.swift */ = {isa = PBXFileReference; fileEncoding = 4; lastKnownFileType = sourcecode.swift; path = FirstView.swift; sourceTree = "<group>"; };
		B0B2674B2612D0310058316D /* SecondView.swift */ = {isa = PBXFileReference; fileEncoding = 4; lastKnownFileType = sourcecode.swift; path = SecondView.swift; sourceTree = "<group>"; };
		B0B2675B2612D07F0058316D /* SubNavigation.swift */ = {isa = PBXFileReference; fileEncoding = 4; lastKnownFileType = sourcecode.swift; path = SubNavigation.swift; sourceTree = "<group>"; };
		B0B2675C2612D07F0058316D /* Navigations.swift */ = {isa = PBXFileReference; fileEncoding = 4; lastKnownFileType = sourcecode.swift; path = Navigations.swift; sourceTree = "<group>"; };
		B0B2675D2612D07F0058316D /* TestsView.swift */ = {isa = PBXFileReference; fileEncoding = 4; lastKnownFileType = sourcecode.swift; path = TestsView.swift; sourceTree = "<group>"; };
		B0B2675F2612D07F0058316D /* UserCreator.swift */ = {isa = PBXFileReference; fileEncoding = 4; lastKnownFileType = sourcecode.swift; path = UserCreator.swift; sourceTree = "<group>"; };
		B0B267612612D07F0058316D /* UserList.swift */ = {isa = PBXFileReference; fileEncoding = 4; lastKnownFileType = sourcecode.swift; path = UserList.swift; sourceTree = "<group>"; };
		B0B267632612D07F0058316D /* TextFieldAndForm.swift */ = {isa = PBXFileReference; fileEncoding = 4; lastKnownFileType = sourcecode.swift; path = TextFieldAndForm.swift; sourceTree = "<group>"; };
		B0B267642612D07F0058316D /* UserView.swift */ = {isa = PBXFileReference; fileEncoding = 4; lastKnownFileType = sourcecode.swift; path = UserView.swift; sourceTree = "<group>"; };
		B0B267652612D07F0058316D /* List&Item.swift */ = {isa = PBXFileReference; fileEncoding = 4; lastKnownFileType = sourcecode.swift; path = "List&Item.swift"; sourceTree = "<group>"; };
		B0B267662612D07F0058316D /* ControlsView.swift */ = {isa = PBXFileReference; fileEncoding = 4; lastKnownFileType = sourcecode.swift; path = ControlsView.swift; sourceTree = "<group>"; };
		B0B267672612D07F0058316D /* Large_views.swift */ = {isa = PBXFileReference; fileEncoding = 4; lastKnownFileType = sourcecode.swift; path = Large_views.swift; sourceTree = "<group>"; };
		B0B267782612D09B0058316D /* CapsuleText.swift */ = {isa = PBXFileReference; fileEncoding = 4; lastKnownFileType = sourcecode.swift; path = CapsuleText.swift; sourceTree = "<group>"; };
		B0B2677E2612D0E30058316D /* Demo-Bridging-Header.h */ = {isa = PBXFileReference; fileEncoding = 4; lastKnownFileType = sourcecode.c.h; path = "Demo-Bridging-Header.h"; sourceTree = "<group>"; };
		B0B2677F2612D0E30058316D /* CDUtils.swift */ = {isa = PBXFileReference; fileEncoding = 4; lastKnownFileType = sourcecode.swift; path = CDUtils.swift; sourceTree = "<group>"; };
		B0B267802612D0E30058316D /* Data.swift */ = {isa = PBXFileReference; fileEncoding = 4; lastKnownFileType = sourcecode.swift; path = Data.swift; sourceTree = "<group>"; };
		B0B267822612D0E30058316D /* CPPPerson.cpp */ = {isa = PBXFileReference; fileEncoding = 4; lastKnownFileType = sourcecode.cpp.cpp; path = CPPPerson.cpp; sourceTree = "<group>"; };
		B0B267832612D0E30058316D /* CPPPerson.hpp */ = {isa = PBXFileReference; fileEncoding = 4; lastKnownFileType = sourcecode.cpp.h; path = CPPPerson.hpp; sourceTree = "<group>"; };
		B0B267852612D0E30058316D /* CModel.h */ = {isa = PBXFileReference; fileEncoding = 4; lastKnownFileType = sourcecode.c.h; path = CModel.h; sourceTree = "<group>"; };
		B0B267862612D0E30058316D /* CModel.c */ = {isa = PBXFileReference; fileEncoding = 4; lastKnownFileType = sourcecode.c.c; path = CModel.c; sourceTree = "<group>"; };
		B0B2678F2612D0FE0058316D /* AppConstant.plist */ = {isa = PBXFileReference; fileEncoding = 4; lastKnownFileType = text.plist.xml; path = AppConstant.plist; sourceTree = "<group>"; };
		B0B267942612D1140058316D /* User.swift */ = {isa = PBXFileReference; fileEncoding = 4; lastKnownFileType = sourcecode.swift; path = User.swift; sourceTree = "<group>"; };
		B0B267E12612DD3D0058316D /* Remote.swift */ = {isa = PBXFileReference; fileEncoding = 4; lastKnownFileType = sourcecode.swift; path = Remote.swift; sourceTree = "<group>"; };
		B0B267E82612DF050058316D /* Modifiers.swift */ = {isa = PBXFileReference; fileEncoding = 4; lastKnownFileType = sourcecode.swift; path = Modifiers.swift; sourceTree = "<group>"; };
		B0B267F72612E69E0058316D /* Demo.xcdatamodel */ = {isa = PBXFileReference; lastKnownFileType = wrapper.xcdatamodel; path = Demo.xcdatamodel; sourceTree = "<group>"; };
		B0B26827261304690058316D /* HTTPMethod.swift */ = {isa = PBXFileReference; fileEncoding = 4; lastKnownFileType = sourcecode.swift; path = HTTPMethod.swift; sourceTree = "<group>"; };
		B0BF70DB263BF53200B70871 /* Profile.swift */ = {isa = PBXFileReference; fileEncoding = 4; lastKnownFileType = sourcecode.swift; path = Profile.swift; sourceTree = "<group>"; };
		B0BF70DC263BF53200B70871 /* Hike.swift */ = {isa = PBXFileReference; fileEncoding = 4; lastKnownFileType = sourcecode.swift; path = Hike.swift; sourceTree = "<group>"; };
		B0BF70E0263BF5A000B70871 /* hikeData.json */ = {isa = PBXFileReference; fileEncoding = 4; lastKnownFileType = text.json; path = hikeData.json; sourceTree = "<group>"; };
		B0BF70E7263BF67E00B70871 /* Landmark.swift */ = {isa = PBXFileReference; fileEncoding = 4; lastKnownFileType = sourcecode.swift; path = Landmark.swift; sourceTree = "<group>"; };
		B0D4E84126141EEC009D2375 /* SPHPickerViewController.swift */ = {isa = PBXFileReference; lastKnownFileType = sourcecode.swift; path = SPHPickerViewController.swift; sourceTree = "<group>"; };
		B0D7121C262AD86500AA362C /* ImagePickerController.swift */ = {isa = PBXFileReference; lastKnownFileType = sourcecode.swift; path = ImagePickerController.swift; sourceTree = "<group>"; };
/* End PBXFileReference section */

/* Begin PBXFrameworksBuildPhase section */
		B0B26707261238890058316D /* Frameworks */ = {
			isa = PBXFrameworksBuildPhase;
			buildActionMask = 2147483647;
			files = (
				B0222BAC262ECF4100F8471B /* Alamofire in Frameworks */,
			);
			runOnlyForDeploymentPostprocessing = 0;
		};
		B0B2671D2612388B0058316D /* Frameworks */ = {
			isa = PBXFrameworksBuildPhase;
			buildActionMask = 2147483647;
			files = (
			);
			runOnlyForDeploymentPostprocessing = 0;
		};
		B0B267282612388B0058316D /* Frameworks */ = {
			isa = PBXFrameworksBuildPhase;
			buildActionMask = 2147483647;
			files = (
			);
			runOnlyForDeploymentPostprocessing = 0;
		};
/* End PBXFrameworksBuildPhase section */

/* Begin PBXGroup section */
		B03B7D1026136550007EB7FD /* UserViews */ = {
			isa = PBXGroup;
			children = (
				B03B7D112613656B007EB7FD /* UserDetails.swift */,
			);
			path = UserViews;
			sourceTree = "<group>";
		};
		B066BE45261AD6E600EB68D1 /* SearchBar */ = {
			isa = PBXGroup;
			children = (
				B066BE46261AD6FC00EB68D1 /* SearchBar.swift */,
			);
			path = SearchBar;
			sourceTree = "<group>";
		};
		B0859C2A2635459700E35C8B /* Environments */ = {
			isa = PBXGroup;
			children = (
				B0859C2B263545B800E35C8B /* Environments.swift */,
			);
			path = Environments;
			sourceTree = "<group>";
		};
		B0B26701261238890058316D = {
			isa = PBXGroup;
			children = (
				B0B2670C261238890058316D /* Demo */,
				B0B267112612388B0058316D /* Assets.xcassets */,
				B0B267232612388B0058316D /* DemoTests */,
				B0B2672E2612388B0058316D /* DemoUITests */,
				B0B2670B261238890058316D /* Products */,
			);
			sourceTree = "<group>";
		};
		B0B2670B261238890058316D /* Products */ = {
			isa = PBXGroup;
			children = (
				B0B2670A261238890058316D /* Demo.app */,
				B0B267202612388B0058316D /* DemoTests.xctest */,
				B0B2672B2612388B0058316D /* DemoUITests.xctest */,
			);
			name = Products;
			sourceTree = "<group>";
		};
		B0B2670C261238890058316D /* Demo */ = {
			isa = PBXGroup;
			children = (
				B0B2677D2612D0E30058316D /* Modules */,
				B0B26740261238E00058316D /* Views */,
				B0B26741261239010058316D /* Model */,
				B0D4E84826145144009D2375 /* Resources */,
				B0B2670D261238890058316D /* DemoApp.swift */,
				B0B2671B2612388B0058316D /* Info.plist */,
				B0B267F62612E69E0058316D /* Demo.xcdatamodeld */,
				B0B267132612388B0058316D /* Preview Content */,
			);
			path = Demo;
			sourceTree = "<group>";
		};
		B0B267132612388B0058316D /* Preview Content */ = {
			isa = PBXGroup;
			children = (
				B0B267142612388B0058316D /* Preview Assets.xcassets */,
			);
			path = "Preview Content";
			sourceTree = "<group>";
		};
		B0B267232612388B0058316D /* DemoTests */ = {
			isa = PBXGroup;
			children = (
				B0B267242612388B0058316D /* DemoTests.swift */,
				B0B267262612388B0058316D /* Info.plist */,
			);
			path = DemoTests;
			sourceTree = "<group>";
		};
		B0B2672E2612388B0058316D /* DemoUITests */ = {
			isa = PBXGroup;
			children = (
				B0B2672F2612388B0058316D /* DemoUITests.swift */,
				B0B267312612388B0058316D /* Info.plist */,
			);
			path = DemoUITests;
			sourceTree = "<group>";
		};
		B0B26740261238E00058316D /* Views */ = {
			isa = PBXGroup;
			children = (
				B0B2670F261238890058316D /* ContentView.swift */,
				B0B267452612D0040058316D /* Tabs */,
				B0B267E72612DF050058316D /* Modifiers */,
				B0B267772612D09B0058316D /* SupportingViews */,
			);
			path = Views;
			sourceTree = "<group>";
		};
		B0B26741261239010058316D /* Model */ = {
			isa = PBXGroup;
			children = (
				B0859C2A2635459700E35C8B /* Environments */,
				B0BF70E7263BF67E00B70871 /* Landmark.swift */,
				B066BE32261ACBCB00EB68D1 /* ModelData.swift */,
				B0B267162612388B0058316D /* Persistence.swift */,
				B0B267942612D1140058316D /* User.swift */,
				B0BF70DC263BF53200B70871 /* Hike.swift */,
				B0BF70DB263BF53200B70871 /* Profile.swift */,
				B0B267E02612DD3D0058316D /* Remote */,
			);
			path = Model;
			sourceTree = "<group>";
		};
		B0B267452612D0040058316D /* Tabs */ = {
			isa = PBXGroup;
			children = (
				B0B267462612D02B0058316D /* FirstView.swift */,
				B0B2674B2612D0310058316D /* SecondView.swift */,
				B0B267582612D07F0058316D /* Tests */,
				B0B2675D2612D07F0058316D /* TestsView.swift */,
				B01644CE2636EA0400F73F69 /* FourthView.swift */,
			);
			path = Tabs;
			sourceTree = "<group>";
		};
		B0B267582612D07F0058316D /* Tests */ = {
			isa = PBXGroup;
			children = (
				B0B267622612D07F0058316D /* Pages */,
				B0B2675E2612D07F0058316D /* Sheet */,
			);
			path = Tests;
			sourceTree = "<group>";
		};
		B0B2675A2612D07F0058316D /* Navigations */ = {
			isa = PBXGroup;
			children = (
				B0B2675B2612D07F0058316D /* SubNavigation.swift */,
			);
			path = Navigations;
			sourceTree = "<group>";
		};
		B0B2675E2612D07F0058316D /* Sheet */ = {
			isa = PBXGroup;
			children = (
				B0B2675F2612D07F0058316D /* UserCreator.swift */,
				B0B267612612D07F0058316D /* UserList.swift */,
			);
			path = Sheet;
			sourceTree = "<group>";
		};
		B0B267622612D07F0058316D /* Pages */ = {
			isa = PBXGroup;
			children = (
				B0B2675A2612D07F0058316D /* Navigations */,
				B0B2675C2612D07F0058316D /* Navigations.swift */,
				B0B267632612D07F0058316D /* TextFieldAndForm.swift */,
				B0B267652612D07F0058316D /* List&Item.swift */,
				B066BE45261AD6E600EB68D1 /* SearchBar */,
				B023A77526171B8800E42753 /* SearchPage.swift */,
				B0B267662612D07F0058316D /* ControlsView.swift */,
				B0B267672612D07F0058316D /* Large_views.swift */,
				B03B7CFC261328A2007EB7FD /* CoreDataView.swift */,
				B03B7D1026136550007EB7FD /* UserViews */,
				B0B267642612D07F0058316D /* UserView.swift */,
			);
			path = Pages;
			sourceTree = "<group>";
		};
		B0B267772612D09B0058316D /* SupportingViews */ = {
			isa = PBXGroup;
			children = (
				B0B267782612D09B0058316D /* CapsuleText.swift */,
				B0D4E84126141EEC009D2375 /* SPHPickerViewController.swift */,
				B0D7121C262AD86500AA362C /* ImagePickerController.swift */,
				B01644BA26368B4000F73F69 /* TabLabel.swift */,
			);
			path = SupportingViews;
			sourceTree = "<group>";
		};
		B0B2677D2612D0E30058316D /* Modules */ = {
			isa = PBXGroup;
			children = (
				B0B2677E2612D0E30058316D /* Demo-Bridging-Header.h */,
				B0B2677F2612D0E30058316D /* CDUtils.swift */,
				B0B267802612D0E30058316D /* Data.swift */,
				B0B267812612D0E30058316D /* Cpp */,
				B0B267842612D0E30058316D /* C */,
			);
			path = Modules;
			sourceTree = "<group>";
		};
		B0B267812612D0E30058316D /* Cpp */ = {
			isa = PBXGroup;
			children = (
				B0B267822612D0E30058316D /* CPPPerson.cpp */,
				B0B267832612D0E30058316D /* CPPPerson.hpp */,
			);
			path = Cpp;
			sourceTree = "<group>";
		};
		B0B267842612D0E30058316D /* C */ = {
			isa = PBXGroup;
			children = (
				B0B267852612D0E30058316D /* CModel.h */,
				B0B267862612D0E30058316D /* CModel.c */,
			);
			path = C;
			sourceTree = "<group>";
		};
		B0B267E02612DD3D0058316D /* Remote */ = {
			isa = PBXGroup;
			children = (
				B0B26827261304690058316D /* HTTPMethod.swift */,
				B0B267E12612DD3D0058316D /* Remote.swift */,
			);
			path = Remote;
			sourceTree = "<group>";
		};
		B0B267E72612DF050058316D /* Modifiers */ = {
			isa = PBXGroup;
			children = (
				B0B267E82612DF050058316D /* Modifiers.swift */,
			);
			path = Modifiers;
			sourceTree = "<group>";
		};
		B0D4E84826145144009D2375 /* Resources */ = {
			isa = PBXGroup;
			children = (
				B0BF70E0263BF5A000B70871 /* hikeData.json */,
				B066BE39261ACDF500EB68D1 /* landmarkData.json */,
				B0B2678F2612D0FE0058316D /* AppConstant.plist */,
				B03444AD263BB3B2008CD4DB /* InfoPlist.strings */,
				B03444B3263BB3DD008CD4DB /* Localizable.strings */,
				B03444D1263BE5D1008CD4DB /* Plurals.stringsdict */,
			);
			path = Resources;
			sourceTree = "<group>";
		};
/* End PBXGroup section */

/* Begin PBXNativeTarget section */
		B0B26709261238890058316D /* Demo */ = {
			isa = PBXNativeTarget;
			buildConfigurationList = B0B267342612388B0058316D /* Build configuration list for PBXNativeTarget "Demo" */;
			buildPhases = (
				B0B26706261238890058316D /* Sources */,
				B0B26707261238890058316D /* Frameworks */,
				B0B26708261238890058316D /* Resources */,
			);
			buildRules = (
			);
			dependencies = (
			);
			name = Demo;
			packageProductDependencies = (
				B0222BAB262ECF4100F8471B /* Alamofire */,
			);
			productName = Demo;
			productReference = B0B2670A261238890058316D /* Demo.app */;
			productType = "com.apple.product-type.application";
		};
		B0B2671F2612388B0058316D /* DemoTests */ = {
			isa = PBXNativeTarget;
			buildConfigurationList = B0B267372612388B0058316D /* Build configuration list for PBXNativeTarget "DemoTests" */;
			buildPhases = (
				B0B2671C2612388B0058316D /* Sources */,
				B0B2671D2612388B0058316D /* Frameworks */,
				B0B2671E2612388B0058316D /* Resources */,
			);
			buildRules = (
			);
			dependencies = (
				B0B267222612388B0058316D /* PBXTargetDependency */,
			);
			name = DemoTests;
			productName = DemoTests;
			productReference = B0B267202612388B0058316D /* DemoTests.xctest */;
			productType = "com.apple.product-type.bundle.unit-test";
		};
		B0B2672A2612388B0058316D /* DemoUITests */ = {
			isa = PBXNativeTarget;
			buildConfigurationList = B0B2673A2612388B0058316D /* Build configuration list for PBXNativeTarget "DemoUITests" */;
			buildPhases = (
				B0B267272612388B0058316D /* Sources */,
				B0B267282612388B0058316D /* Frameworks */,
				B0B267292612388B0058316D /* Resources */,
			);
			buildRules = (
			);
			dependencies = (
				B0B2672D2612388B0058316D /* PBXTargetDependency */,
			);
			name = DemoUITests;
			productName = DemoUITests;
			productReference = B0B2672B2612388B0058316D /* DemoUITests.xctest */;
			productType = "com.apple.product-type.bundle.ui-testing";
		};
/* End PBXNativeTarget section */

/* Begin PBXProject section */
		B0B26702261238890058316D /* Project object */ = {
			isa = PBXProject;
			attributes = {
				LastSwiftUpdateCheck = 1240;
				LastUpgradeCheck = 1240;
				TargetAttributes = {
					B0B26709261238890058316D = {
						CreatedOnToolsVersion = 12.4;
					};
					B0B2671F2612388B0058316D = {
						CreatedOnToolsVersion = 12.4;
						TestTargetID = B0B26709261238890058316D;
					};
					B0B2672A2612388B0058316D = {
						CreatedOnToolsVersion = 12.4;
						TestTargetID = B0B26709261238890058316D;
					};
				};
			};
			buildConfigurationList = B0B26705261238890058316D /* Build configuration list for PBXProject "Demo" */;
			compatibilityVersion = "Xcode 9.3";
			developmentRegion = en;
			hasScannedForEncodings = 0;
			knownRegions = (
				en,
				Base,
				"zh-Hans",
			);
			mainGroup = B0B26701261238890058316D;
			packageReferences = (
				B0222BAA262ECF4100F8471B /* XCRemoteSwiftPackageReference "Alamofire" */,
			);
			productRefGroup = B0B2670B261238890058316D /* Products */;
			projectDirPath = "";
			projectRoot = "";
			targets = (
				B0B26709261238890058316D /* Demo */,
				B0B2671F2612388B0058316D /* DemoTests */,
				B0B2672A2612388B0058316D /* DemoUITests */,
			);
		};
/* End PBXProject section */

/* Begin PBXResourcesBuildPhase section */
		B0B26708261238890058316D /* Resources */ = {
			isa = PBXResourcesBuildPhase;
			buildActionMask = 2147483647;
			files = (
				B0B267902612D0FE0058316D /* AppConstant.plist in Resources */,
				B03444AB263BB3B2008CD4DB /* InfoPlist.strings in Resources */,
				B066BE3A261ACDF500EB68D1 /* landmarkData.json in Resources */,
				B03444B1263BB3DD008CD4DB /* Localizable.strings in Resources */,
				B0BF70E2263BF5A000B70871 /* hikeData.json in Resources */,
				B0B267152612388B0058316D /* Preview Assets.xcassets in Resources */,
				B03444CF263BE5D1008CD4DB /* Plurals.stringsdict in Resources */,
				B0B267122612388B0058316D /* Assets.xcassets in Resources */,
			);
			runOnlyForDeploymentPostprocessing = 0;
		};
		B0B2671E2612388B0058316D /* Resources */ = {
			isa = PBXResourcesBuildPhase;
			buildActionMask = 2147483647;
			files = (
			);
			runOnlyForDeploymentPostprocessing = 0;
		};
		B0B267292612388B0058316D /* Resources */ = {
			isa = PBXResourcesBuildPhase;
			buildActionMask = 2147483647;
			files = (
			);
			runOnlyForDeploymentPostprocessing = 0;
		};
/* End PBXResourcesBuildPhase section */

/* Begin PBXSourcesBuildPhase section */
		B0B26706261238890058316D /* Sources */ = {
			isa = PBXSourcesBuildPhase;
			buildActionMask = 2147483647;
			files = (
				B0B267692612D07F0058316D /* SubNavigation.swift in Sources */,
				B01644BB26368B4000F73F69 /* TabLabel.swift in Sources */,
				B0B2676C2612D07F0058316D /* UserCreator.swift in Sources */,
				B0B267732612D07F0058316D /* Large_views.swift in Sources */,
				B0B267792612D09B0058316D /* CapsuleText.swift in Sources */,
				B0B267892612D0E30058316D /* CPPPerson.cpp in Sources */,
				B0B2674C2612D0310058316D /* SecondView.swift in Sources */,
				B0B267172612388B0058316D /* Persistence.swift in Sources */,
				B066BE47261AD6FC00EB68D1 /* SearchBar.swift in Sources */,
				B0B267472612D02B0058316D /* FirstView.swift in Sources */,
				B0B267882612D0E30058316D /* Data.swift in Sources */,
				B0D4E84226141EEC009D2375 /* SPHPickerViewController.swift in Sources */,
				B0B267F82612E69E0058316D /* Demo.xcdatamodeld in Sources */,
				B0B26828261304690058316D /* HTTPMethod.swift in Sources */,
				B03B7D122613656B007EB7FD /* UserDetails.swift in Sources */,
				B0B2676F2612D07F0058316D /* TextFieldAndForm.swift in Sources */,
				B0B267872612D0E30058316D /* CDUtils.swift in Sources */,
				B0B267E22612DD3D0058316D /* Remote.swift in Sources */,
				B0B2676B2612D07F0058316D /* TestsView.swift in Sources */,
				B023A77626171B8800E42753 /* SearchPage.swift in Sources */,
				B0B267702612D07F0058316D /* UserView.swift in Sources */,
				B066BE33261ACBCB00EB68D1 /* ModelData.swift in Sources */,
				B0BF70DE263BF53200B70871 /* Hike.swift in Sources */,
				B0D7121D262AD86500AA362C /* ImagePickerController.swift in Sources */,
				B0B2676A2612D07F0058316D /* Navigations.swift in Sources */,
				B0BF70E8263BF67E00B70871 /* Landmark.swift in Sources */,
				B0B26710261238890058316D /* ContentView.swift in Sources */,
				B0B267712612D07F0058316D /* List&Item.swift in Sources */,
				B0BF70DD263BF53200B70871 /* Profile.swift in Sources */,
				B0B267722612D07F0058316D /* ControlsView.swift in Sources */,
				B0B2676E2612D07F0058316D /* UserList.swift in Sources */,
				B0B267952612D1140058316D /* User.swift in Sources */,
				B0859C2C263545B800E35C8B /* Environments.swift in Sources */,
				B0B2678A2612D0E30058316D /* CModel.c in Sources */,
				B03B7CFD261328A2007EB7FD /* CoreDataView.swift in Sources */,
				B0B2670E261238890058316D /* DemoApp.swift in Sources */,
				B01644CF2636EA0500F73F69 /* FourthView.swift in Sources */,
				B0B267E92612DF050058316D /* Modifiers.swift in Sources */,
			);
			runOnlyForDeploymentPostprocessing = 0;
		};
		B0B2671C2612388B0058316D /* Sources */ = {
			isa = PBXSourcesBuildPhase;
			buildActionMask = 2147483647;
			files = (
				B0B267252612388B0058316D /* DemoTests.swift in Sources */,
			);
			runOnlyForDeploymentPostprocessing = 0;
		};
		B0B267272612388B0058316D /* Sources */ = {
			isa = PBXSourcesBuildPhase;
			buildActionMask = 2147483647;
			files = (
				B0B267302612388B0058316D /* DemoUITests.swift in Sources */,
			);
			runOnlyForDeploymentPostprocessing = 0;
		};
/* End PBXSourcesBuildPhase section */

/* Begin PBXTargetDependency section */
		B0B267222612388B0058316D /* PBXTargetDependency */ = {
			isa = PBXTargetDependency;
			target = B0B26709261238890058316D /* Demo */;
			targetProxy = B0B267212612388B0058316D /* PBXContainerItemProxy */;
		};
		B0B2672D2612388B0058316D /* PBXTargetDependency */ = {
			isa = PBXTargetDependency;
			target = B0B26709261238890058316D /* Demo */;
			targetProxy = B0B2672C2612388B0058316D /* PBXContainerItemProxy */;
		};
/* End PBXTargetDependency section */

/* Begin PBXVariantGroup section */
		B03444AD263BB3B2008CD4DB /* InfoPlist.strings */ = {
			isa = PBXVariantGroup;
			children = (
				B03444AC263BB3B2008CD4DB /* en */,
				B03444AE263BB3B6008CD4DB /* zh-Hans */,
			);
			name = InfoPlist.strings;
			sourceTree = "<group>";
		};
		B03444B3263BB3DD008CD4DB /* Localizable.strings */ = {
			isa = PBXVariantGroup;
			children = (
				B03444B2263BB3DD008CD4DB /* en */,
				B03444B4263BB3E2008CD4DB /* zh-Hans */,
			);
			name = Localizable.strings;
			sourceTree = "<group>";
		};
		B03444D1263BE5D1008CD4DB /* Plurals.stringsdict */ = {
			isa = PBXVariantGroup;
			children = (
				B03444D0263BE5D1008CD4DB /* en */,
				B03444D2263BE5D4008CD4DB /* zh-Hans */,
			);
			name = Plurals.stringsdict;
			sourceTree = "<group>";
		};
/* End PBXVariantGroup section */

/* Begin XCBuildConfiguration section */
		B0B267322612388B0058316D /* Debug */ = {
			isa = XCBuildConfiguration;
			buildSettings = {
				ALWAYS_SEARCH_USER_PATHS = NO;
				CLANG_ANALYZER_NONNULL = YES;
				CLANG_ANALYZER_NUMBER_OBJECT_CONVERSION = YES_AGGRESSIVE;
				CLANG_CXX_LANGUAGE_STANDARD = "gnu++14";
				CLANG_CXX_LIBRARY = "libc++";
				CLANG_ENABLE_MODULES = YES;
				CLANG_ENABLE_OBJC_ARC = YES;
				CLANG_ENABLE_OBJC_WEAK = YES;
				CLANG_WARN_BLOCK_CAPTURE_AUTORELEASING = YES;
				CLANG_WARN_BOOL_CONVERSION = YES;
				CLANG_WARN_COMMA = YES;
				CLANG_WARN_CONSTANT_CONVERSION = YES;
				CLANG_WARN_DEPRECATED_OBJC_IMPLEMENTATIONS = YES;
				CLANG_WARN_DIRECT_OBJC_ISA_USAGE = YES_ERROR;
				CLANG_WARN_DOCUMENTATION_COMMENTS = YES;
				CLANG_WARN_EMPTY_BODY = YES;
				CLANG_WARN_ENUM_CONVERSION = YES;
				CLANG_WARN_INFINITE_RECURSION = YES;
				CLANG_WARN_INT_CONVERSION = YES;
				CLANG_WARN_NON_LITERAL_NULL_CONVERSION = YES;
				CLANG_WARN_OBJC_IMPLICIT_RETAIN_SELF = YES;
				CLANG_WARN_OBJC_LITERAL_CONVERSION = YES;
				CLANG_WARN_OBJC_ROOT_CLASS = YES_ERROR;
				CLANG_WARN_QUOTED_INCLUDE_IN_FRAMEWORK_HEADER = YES;
				CLANG_WARN_RANGE_LOOP_ANALYSIS = YES;
				CLANG_WARN_STRICT_PROTOTYPES = YES;
				CLANG_WARN_SUSPICIOUS_MOVE = YES;
				CLANG_WARN_UNGUARDED_AVAILABILITY = YES_AGGRESSIVE;
				CLANG_WARN_UNREACHABLE_CODE = YES;
				CLANG_WARN__DUPLICATE_METHOD_MATCH = YES;
				COPY_PHASE_STRIP = NO;
				DEBUG_INFORMATION_FORMAT = dwarf;
				ENABLE_STRICT_OBJC_MSGSEND = YES;
				ENABLE_TESTABILITY = YES;
				GCC_C_LANGUAGE_STANDARD = gnu11;
				GCC_DYNAMIC_NO_PIC = NO;
				GCC_NO_COMMON_BLOCKS = YES;
				GCC_OPTIMIZATION_LEVEL = 0;
				GCC_PREPROCESSOR_DEFINITIONS = (
					"DEBUG=1",
					"$(inherited)",
				);
				GCC_WARN_64_TO_32_BIT_CONVERSION = YES;
				GCC_WARN_ABOUT_RETURN_TYPE = YES_ERROR;
				GCC_WARN_UNDECLARED_SELECTOR = YES;
				GCC_WARN_UNINITIALIZED_AUTOS = YES_AGGRESSIVE;
				GCC_WARN_UNUSED_FUNCTION = YES;
				GCC_WARN_UNUSED_VARIABLE = YES;
				IPHONEOS_DEPLOYMENT_TARGET = 14.4;
				MTL_ENABLE_DEBUG_INFO = INCLUDE_SOURCE;
				MTL_FAST_MATH = YES;
				ONLY_ACTIVE_ARCH = YES;
				SDKROOT = iphoneos;
				SWIFT_ACTIVE_COMPILATION_CONDITIONS = DEBUG;
				SWIFT_OPTIMIZATION_LEVEL = "-Onone";
			};
			name = Debug;
		};
		B0B267332612388B0058316D /* Release */ = {
			isa = XCBuildConfiguration;
			buildSettings = {
				ALWAYS_SEARCH_USER_PATHS = NO;
				CLANG_ANALYZER_NONNULL = YES;
				CLANG_ANALYZER_NUMBER_OBJECT_CONVERSION = YES_AGGRESSIVE;
				CLANG_CXX_LANGUAGE_STANDARD = "gnu++14";
				CLANG_CXX_LIBRARY = "libc++";
				CLANG_ENABLE_MODULES = YES;
				CLANG_ENABLE_OBJC_ARC = YES;
				CLANG_ENABLE_OBJC_WEAK = YES;
				CLANG_WARN_BLOCK_CAPTURE_AUTORELEASING = YES;
				CLANG_WARN_BOOL_CONVERSION = YES;
				CLANG_WARN_COMMA = YES;
				CLANG_WARN_CONSTANT_CONVERSION = YES;
				CLANG_WARN_DEPRECATED_OBJC_IMPLEMENTATIONS = YES;
				CLANG_WARN_DIRECT_OBJC_ISA_USAGE = YES_ERROR;
				CLANG_WARN_DOCUMENTATION_COMMENTS = YES;
				CLANG_WARN_EMPTY_BODY = YES;
				CLANG_WARN_ENUM_CONVERSION = YES;
				CLANG_WARN_INFINITE_RECURSION = YES;
				CLANG_WARN_INT_CONVERSION = YES;
				CLANG_WARN_NON_LITERAL_NULL_CONVERSION = YES;
				CLANG_WARN_OBJC_IMPLICIT_RETAIN_SELF = YES;
				CLANG_WARN_OBJC_LITERAL_CONVERSION = YES;
				CLANG_WARN_OBJC_ROOT_CLASS = YES_ERROR;
				CLANG_WARN_QUOTED_INCLUDE_IN_FRAMEWORK_HEADER = YES;
				CLANG_WARN_RANGE_LOOP_ANALYSIS = YES;
				CLANG_WARN_STRICT_PROTOTYPES = YES;
				CLANG_WARN_SUSPICIOUS_MOVE = YES;
				CLANG_WARN_UNGUARDED_AVAILABILITY = YES_AGGRESSIVE;
				CLANG_WARN_UNREACHABLE_CODE = YES;
				CLANG_WARN__DUPLICATE_METHOD_MATCH = YES;
				COPY_PHASE_STRIP = NO;
				DEBUG_INFORMATION_FORMAT = "dwarf-with-dsym";
				ENABLE_NS_ASSERTIONS = NO;
				ENABLE_STRICT_OBJC_MSGSEND = YES;
				GCC_C_LANGUAGE_STANDARD = gnu11;
				GCC_NO_COMMON_BLOCKS = YES;
				GCC_WARN_64_TO_32_BIT_CONVERSION = YES;
				GCC_WARN_ABOUT_RETURN_TYPE = YES_ERROR;
				GCC_WARN_UNDECLARED_SELECTOR = YES;
				GCC_WARN_UNINITIALIZED_AUTOS = YES_AGGRESSIVE;
				GCC_WARN_UNUSED_FUNCTION = YES;
				GCC_WARN_UNUSED_VARIABLE = YES;
				IPHONEOS_DEPLOYMENT_TARGET = 14.4;
				MTL_ENABLE_DEBUG_INFO = NO;
				MTL_FAST_MATH = YES;
				SDKROOT = iphoneos;
				SWIFT_COMPILATION_MODE = wholemodule;
				SWIFT_OPTIMIZATION_LEVEL = "-O";
				VALIDATE_PRODUCT = YES;
			};
			name = Release;
		};
		B0B267352612388B0058316D /* Debug */ = {
			isa = XCBuildConfiguration;
			buildSettings = {
				ASSETCATALOG_COMPILER_APPICON_NAME = AppIcon;
				ASSETCATALOG_COMPILER_GLOBAL_ACCENT_COLOR_NAME = AccentColor;
				CODE_SIGN_STYLE = Automatic;
				DEVELOPMENT_ASSET_PATHS = "\"Demo/Preview Content\"";
				DEVELOPMENT_TEAM = 4TQLD765K3;
				ENABLE_PREVIEWS = YES;
				FRAMEWORK_SEARCH_PATHS = "";
				INFOPLIST_FILE = Demo/Info.plist;
				IPHONEOS_DEPLOYMENT_TARGET = 14.0;
				LD_RUNPATH_SEARCH_PATHS = (
					"$(inherited)",
					"@executable_path/Frameworks",
				);
				PRODUCT_BUNDLE_IDENTIFIER = com.static.Demo;
				PRODUCT_NAME = "$(TARGET_NAME)";
				SWIFT_OBJC_BRIDGING_HEADER = "Demo/Modules/Demo-Bridging-Header.h";
				SWIFT_VERSION = 5.0;
				TARGETED_DEVICE_FAMILY = "1,2";
			};
			name = Debug;
		};
		B0B267362612388B0058316D /* Release */ = {
			isa = XCBuildConfiguration;
			buildSettings = {
				ASSETCATALOG_COMPILER_APPICON_NAME = AppIcon;
				ASSETCATALOG_COMPILER_GLOBAL_ACCENT_COLOR_NAME = AccentColor;
				CODE_SIGN_STYLE = Automatic;
				DEVELOPMENT_ASSET_PATHS = "\"Demo/Preview Content\"";
				DEVELOPMENT_TEAM = 4TQLD765K3;
				ENABLE_PREVIEWS = YES;
				FRAMEWORK_SEARCH_PATHS = "";
				INFOPLIST_FILE = Demo/Info.plist;
				IPHONEOS_DEPLOYMENT_TARGET = 14.0;
				LD_RUNPATH_SEARCH_PATHS = (
					"$(inherited)",
					"@executable_path/Frameworks",
				);
				PRODUCT_BUNDLE_IDENTIFIER = com.static.Demo;
				PRODUCT_NAME = "$(TARGET_NAME)";
				SWIFT_OBJC_BRIDGING_HEADER = "Demo/Modules/Demo-Bridging-Header.h";
				SWIFT_VERSION = 5.0;
				TARGETED_DEVICE_FAMILY = "1,2";
			};
			name = Release;
		};
		B0B267382612388B0058316D /* Debug */ = {
			isa = XCBuildConfiguration;
			buildSettings = {
				ALWAYS_EMBED_SWIFT_STANDARD_LIBRARIES = YES;
				BUNDLE_LOADER = "$(TEST_HOST)";
				CODE_SIGN_STYLE = Automatic;
				DEVELOPMENT_TEAM = 4TQLD765K3;
				INFOPLIST_FILE = DemoTests/Info.plist;
				IPHONEOS_DEPLOYMENT_TARGET = 14.0;
				LD_RUNPATH_SEARCH_PATHS = (
					"$(inherited)",
					"@executable_path/Frameworks",
					"@loader_path/Frameworks",
				);
				PRODUCT_BUNDLE_IDENTIFIER = com.static.DemoTests;
				PRODUCT_NAME = "$(TARGET_NAME)";
				SWIFT_VERSION = 5.0;
				TARGETED_DEVICE_FAMILY = "1,2";
				TEST_HOST = "$(BUILT_PRODUCTS_DIR)/Demo.app/Demo";
			};
			name = Debug;
		};
		B0B267392612388B0058316D /* Release */ = {
			isa = XCBuildConfiguration;
			buildSettings = {
				ALWAYS_EMBED_SWIFT_STANDARD_LIBRARIES = YES;
				BUNDLE_LOADER = "$(TEST_HOST)";
				CODE_SIGN_STYLE = Automatic;
				DEVELOPMENT_TEAM = 4TQLD765K3;
				INFOPLIST_FILE = DemoTests/Info.plist;
				IPHONEOS_DEPLOYMENT_TARGET = 14.0;
				LD_RUNPATH_SEARCH_PATHS = (
					"$(inherited)",
					"@executable_path/Frameworks",
					"@loader_path/Frameworks",
				);
				PRODUCT_BUNDLE_IDENTIFIER = com.static.DemoTests;
				PRODUCT_NAME = "$(TARGET_NAME)";
				SWIFT_VERSION = 5.0;
				TARGETED_DEVICE_FAMILY = "1,2";
				TEST_HOST = "$(BUILT_PRODUCTS_DIR)/Demo.app/Demo";
			};
			name = Release;
		};
		B0B2673B2612388B0058316D /* Debug */ = {
			isa = XCBuildConfiguration;
			buildSettings = {
				ALWAYS_EMBED_SWIFT_STANDARD_LIBRARIES = YES;
				CODE_SIGN_STYLE = Automatic;
				DEVELOPMENT_TEAM = 4TQLD765K3;
				INFOPLIST_FILE = DemoUITests/Info.plist;
				LD_RUNPATH_SEARCH_PATHS = (
					"$(inherited)",
					"@executable_path/Frameworks",
					"@loader_path/Frameworks",
				);
				PRODUCT_BUNDLE_IDENTIFIER = com.static.DemoUITests;
				PRODUCT_NAME = "$(TARGET_NAME)";
				SWIFT_VERSION = 5.0;
				TARGETED_DEVICE_FAMILY = "1,2";
				TEST_TARGET_NAME = Demo;
			};
			name = Debug;
		};
		B0B2673C2612388B0058316D /* Release */ = {
			isa = XCBuildConfiguration;
			buildSettings = {
				ALWAYS_EMBED_SWIFT_STANDARD_LIBRARIES = YES;
				CODE_SIGN_STYLE = Automatic;
				DEVELOPMENT_TEAM = 4TQLD765K3;
				INFOPLIST_FILE = DemoUITests/Info.plist;
				LD_RUNPATH_SEARCH_PATHS = (
					"$(inherited)",
					"@executable_path/Frameworks",
					"@loader_path/Frameworks",
				);
				PRODUCT_BUNDLE_IDENTIFIER = com.static.DemoUITests;
				PRODUCT_NAME = "$(TARGET_NAME)";
				SWIFT_VERSION = 5.0;
				TARGETED_DEVICE_FAMILY = "1,2";
				TEST_TARGET_NAME = Demo;
			};
			name = Release;
		};
/* End XCBuildConfiguration section */

/* Begin XCConfigurationList section */
		B0B26705261238890058316D /* Build configuration list for PBXProject "Demo" */ = {
			isa = XCConfigurationList;
			buildConfigurations = (
				B0B267322612388B0058316D /* Debug */,
				B0B267332612388B0058316D /* Release */,
			);
			defaultConfigurationIsVisible = 0;
			defaultConfigurationName = Release;
		};
		B0B267342612388B0058316D /* Build configuration list for PBXNativeTarget "Demo" */ = {
			isa = XCConfigurationList;
			buildConfigurations = (
				B0B267352612388B0058316D /* Debug */,
				B0B267362612388B0058316D /* Release */,
			);
			defaultConfigurationIsVisible = 0;
			defaultConfigurationName = Release;
		};
		B0B267372612388B0058316D /* Build configuration list for PBXNativeTarget "DemoTests" */ = {
			isa = XCConfigurationList;
			buildConfigurations = (
				B0B267382612388B0058316D /* Debug */,
				B0B267392612388B0058316D /* Release */,
			);
			defaultConfigurationIsVisible = 0;
			defaultConfigurationName = Release;
		};
		B0B2673A2612388B0058316D /* Build configuration list for PBXNativeTarget "DemoUITests" */ = {
			isa = XCConfigurationList;
			buildConfigurations = (
				B0B2673B2612388B0058316D /* Debug */,
				B0B2673C2612388B0058316D /* Release */,
			);
			defaultConfigurationIsVisible = 0;
			defaultConfigurationName = Release;
		};
/* End XCConfigurationList section */

/* Begin XCRemoteSwiftPackageReference section */
		B0222BAA262ECF4100F8471B /* XCRemoteSwiftPackageReference "Alamofire" */ = {
			isa = XCRemoteSwiftPackageReference;
			repositoryURL = "https://github.com/Alamofire/Alamofire.git";
			requirement = {
				kind = upToNextMajorVersion;
				minimumVersion = 5.4.2;
			};
		};
/* End XCRemoteSwiftPackageReference section */

/* Begin XCSwiftPackageProductDependency section */
		B0222BAB262ECF4100F8471B /* Alamofire */ = {
			isa = XCSwiftPackageProductDependency;
			package = B0222BAA262ECF4100F8471B /* XCRemoteSwiftPackageReference "Alamofire" */;
			productName = Alamofire;
		};
/* End XCSwiftPackageProductDependency section */

/* Begin XCVersionGroup section */
		B0B267F62612E69E0058316D /* Demo.xcdatamodeld */ = {
			isa = XCVersionGroup;
			children = (
				B0B267F72612E69E0058316D /* Demo.xcdatamodel */,
			);
			currentVersion = B0B267F72612E69E0058316D /* Demo.xcdatamodel */;
			path = Demo.xcdatamodeld;
			sourceTree = "<group>";
			versionGroupType = wrapper.xcdatamodel;
		};
/* End XCVersionGroup section */
	};
	rootObject = B0B26702261238890058316D /* Project object */;
}
